// !$*UTF8*$!
{
	archiveVersion = 1;
	classes = {
	};
	objectVersion = 46;
	objects = {

/* Begin PBXBuildFile section */
		940E0E6215702C2E00E80636 /* Window.cpp in Sources */ = {isa = PBXBuildFile; fileRef = 940E0E6115702C2E00E80636 /* Window.cpp */; };
		940E0E64157042C300E80636 /* Renderer.cpp in Sources */ = {isa = PBXBuildFile; fileRef = 940E0E63157042C300E80636 /* Renderer.cpp */; };
		940E0E671570583A00E80636 /* Transform.cpp in Sources */ = {isa = PBXBuildFile; fileRef = 940E0E661570583900E80636 /* Transform.cpp */; };
		940E0E6A15707D5100E80636 /* TransformBindings.cpp in Sources */ = {isa = PBXBuildFile; fileRef = 940E0E6915707D5100E80636 /* TransformBindings.cpp */; };
		9491039A1572F57800BFDF65 /* main.cpp in Sources */ = {isa = PBXBuildFile; fileRef = 949103991572F57800BFDF65 /* main.cpp */; };
		9494207D156FFE3700C36ECD /* EntityBindings.cpp in Sources */ = {isa = PBXBuildFile; fileRef = 94942060156FFE3700C36ECD /* EntityBindings.cpp */; };
		9494207E156FFE3700C36ECD /* JSInterpreter.cpp in Sources */ = {isa = PBXBuildFile; fileRef = 94942062156FFE3700C36ECD /* JSInterpreter.cpp */; };
		9494207F156FFE3700C36ECD /* MeshBindings.cpp in Sources */ = {isa = PBXBuildFile; fileRef = 94942064156FFE3700C36ECD /* MeshBindings.cpp */; };
		94942080156FFE3700C36ECD /* MeshRendererBindings.cpp in Sources */ = {isa = PBXBuildFile; fileRef = 94942066156FFE3700C36ECD /* MeshRendererBindings.cpp */; };
		94942081156FFE3700C36ECD /* WindowBindings.cpp in Sources */ = {isa = PBXBuildFile; fileRef = 94942068156FFE3700C36ECD /* WindowBindings.cpp */; };
		94942082156FFE3700C36ECD /* Entity.cpp in Sources */ = {isa = PBXBuildFile; fileRef = 9494206C156FFE3700C36ECD /* Entity.cpp */; };
		94942083156FFE3700C36ECD /* EntityRegistry.cpp in Sources */ = {isa = PBXBuildFile; fileRef = 9494206E156FFE3700C36ECD /* EntityRegistry.cpp */; };
		94942084156FFE3700C36ECD /* Mesh.cpp in Sources */ = {isa = PBXBuildFile; fileRef = 94942070156FFE3700C36ECD /* Mesh.cpp */; };
		94942085156FFE3700C36ECD /* MeshRenderer.cpp in Sources */ = {isa = PBXBuildFile; fileRef = 94942072156FFE3700C36ECD /* MeshRenderer.cpp */; };
		9494208D1570014100C36ECD /* libv8_base.a in Frameworks */ = {isa = PBXBuildFile; fileRef = 9494208B1570014100C36ECD /* libv8_base.a */; };
		9494208E1570014100C36ECD /* libv8_snapshot.a in Frameworks */ = {isa = PBXBuildFile; fileRef = 9494208C1570014100C36ECD /* libv8_snapshot.a */; };
		949420971570019500C36ECD /* AudioToolbox.framework in Frameworks */ = {isa = PBXBuildFile; fileRef = 9494208F1570019500C36ECD /* AudioToolbox.framework */; };
		949420981570019500C36ECD /* AudioUnit.framework in Frameworks */ = {isa = PBXBuildFile; fileRef = 949420901570019500C36ECD /* AudioUnit.framework */; };
		949420991570019500C36ECD /* Carbon.framework in Frameworks */ = {isa = PBXBuildFile; fileRef = 949420911570019500C36ECD /* Carbon.framework */; };
		9494209A1570019500C36ECD /* Cocoa.framework in Frameworks */ = {isa = PBXBuildFile; fileRef = 949420921570019500C36ECD /* Cocoa.framework */; };
		9494209B1570019500C36ECD /* CoreAudio.framework in Frameworks */ = {isa = PBXBuildFile; fileRef = 949420931570019500C36ECD /* CoreAudio.framework */; };
		9494209C1570019500C36ECD /* ForceFeedback.framework in Frameworks */ = {isa = PBXBuildFile; fileRef = 949420941570019500C36ECD /* ForceFeedback.framework */; };
		9494209D1570019500C36ECD /* IOKit.framework in Frameworks */ = {isa = PBXBuildFile; fileRef = 949420951570019500C36ECD /* IOKit.framework */; };
		9494209E1570019500C36ECD /* OpenGL.framework in Frameworks */ = {isa = PBXBuildFile; fileRef = 949420961570019500C36ECD /* OpenGL.framework */; };
		949420A0157001C000C36ECD /* libiconv.dylib in Frameworks */ = {isa = PBXBuildFile; fileRef = 9494209F157001C000C36ECD /* libiconv.dylib */; };
		949420A2157001D700C36ECD /* libm.dylib in Frameworks */ = {isa = PBXBuildFile; fileRef = 949420A1157001D700C36ECD /* libm.dylib */; };
		949420A71570021200C36ECD /* libSDL2main.a in Frameworks */ = {isa = PBXBuildFile; fileRef = 949420A61570021200C36ECD /* libSDL2main.a */; };
		949420A815700B1400C36ECD /* libSDL2.a in Frameworks */ = {isa = PBXBuildFile; fileRef = 949420A3157001F300C36ECD /* libSDL2.a */; };
/* End PBXBuildFile section */

/* Begin PBXCopyFilesBuildPhase section */
		9494204E156FFE1000C36ECD /* CopyFiles */ = {
			isa = PBXCopyFilesBuildPhase;
			buildActionMask = 2147483647;
			dstPath = /usr/share/man/man1/;
			dstSubfolderSpec = 0;
			files = (
			);
			runOnlyForDeploymentPostprocessing = 1;
		};
/* End PBXCopyFilesBuildPhase section */

/* Begin PBXFileReference section */
		940E0E6115702C2E00E80636 /* Window.cpp */ = {isa = PBXFileReference; fileEncoding = 4; lastKnownFileType = sourcecode.cpp.cpp; path = Window.cpp; sourceTree = "<group>"; };
		940E0E63157042C300E80636 /* Renderer.cpp */ = {isa = PBXFileReference; fileEncoding = 4; lastKnownFileType = sourcecode.cpp.cpp; path = Renderer.cpp; sourceTree = "<group>"; };
		940E0E65157057BB00E80636 /* Transform.h */ = {isa = PBXFileReference; lastKnownFileType = sourcecode.c.h; path = Transform.h; sourceTree = "<group>"; };
		940E0E661570583900E80636 /* Transform.cpp */ = {isa = PBXFileReference; fileEncoding = 4; lastKnownFileType = sourcecode.cpp.cpp; path = Transform.cpp; sourceTree = "<group>"; };
		940E0E6815707D0300E80636 /* TransformBindings.h */ = {isa = PBXFileReference; lastKnownFileType = sourcecode.c.h; path = TransformBindings.h; sourceTree = "<group>"; };
		940E0E6915707D5100E80636 /* TransformBindings.cpp */ = {isa = PBXFileReference; fileEncoding = 4; lastKnownFileType = sourcecode.cpp.cpp; path = TransformBindings.cpp; sourceTree = "<group>"; };
		949103991572F57800BFDF65 /* main.cpp */ = {isa = PBXFileReference; fileEncoding = 4; lastKnownFileType = sourcecode.cpp.cpp; path = main.cpp; sourceTree = "<group>"; };
		94942050156FFE1000C36ECD /* flatland */ = {isa = PBXFileReference; explicitFileType = "compiled.mach-o.executable"; includeInIndex = 0; path = flatland; sourceTree = BUILT_PRODUCTS_DIR; };
		94942060156FFE3700C36ECD /* EntityBindings.cpp */ = {isa = PBXFileReference; fileEncoding = 4; lastKnownFileType = sourcecode.cpp.cpp; path = EntityBindings.cpp; sourceTree = "<group>"; };
		94942061156FFE3700C36ECD /* EntityBindings.h */ = {isa = PBXFileReference; fileEncoding = 4; lastKnownFileType = sourcecode.c.h; path = EntityBindings.h; sourceTree = "<group>"; };
		94942062156FFE3700C36ECD /* JSInterpreter.cpp */ = {isa = PBXFileReference; fileEncoding = 4; lastKnownFileType = sourcecode.cpp.cpp; path = JSInterpreter.cpp; sourceTree = "<group>"; };
		94942063156FFE3700C36ECD /* JSInterpreter.h */ = {isa = PBXFileReference; fileEncoding = 4; lastKnownFileType = sourcecode.c.h; path = JSInterpreter.h; sourceTree = "<group>"; };
		94942064156FFE3700C36ECD /* MeshBindings.cpp */ = {isa = PBXFileReference; fileEncoding = 4; lastKnownFileType = sourcecode.cpp.cpp; path = MeshBindings.cpp; sourceTree = "<group>"; };
		94942065156FFE3700C36ECD /* MeshBindings.h */ = {isa = PBXFileReference; fileEncoding = 4; lastKnownFileType = sourcecode.c.h; path = MeshBindings.h; sourceTree = "<group>"; };
		94942066156FFE3700C36ECD /* MeshRendererBindings.cpp */ = {isa = PBXFileReference; fileEncoding = 4; lastKnownFileType = sourcecode.cpp.cpp; path = MeshRendererBindings.cpp; sourceTree = "<group>"; };
		94942067156FFE3700C36ECD /* MeshRendererBindings.h */ = {isa = PBXFileReference; fileEncoding = 4; lastKnownFileType = sourcecode.c.h; path = MeshRendererBindings.h; sourceTree = "<group>"; };
		94942068156FFE3700C36ECD /* WindowBindings.cpp */ = {isa = PBXFileReference; fileEncoding = 4; lastKnownFileType = sourcecode.cpp.cpp; path = WindowBindings.cpp; sourceTree = "<group>"; };
		94942069156FFE3700C36ECD /* WindowBindings.h */ = {isa = PBXFileReference; fileEncoding = 4; lastKnownFileType = sourcecode.c.h; path = WindowBindings.h; sourceTree = "<group>"; };
		9494206B156FFE3700C36ECD /* Component.h */ = {isa = PBXFileReference; fileEncoding = 4; lastKnownFileType = sourcecode.c.h; path = Component.h; sourceTree = "<group>"; };
		9494206C156FFE3700C36ECD /* Entity.cpp */ = {isa = PBXFileReference; fileEncoding = 4; lastKnownFileType = sourcecode.cpp.cpp; path = Entity.cpp; sourceTree = "<group>"; };
		9494206D156FFE3700C36ECD /* Entity.h */ = {isa = PBXFileReference; fileEncoding = 4; lastKnownFileType = sourcecode.c.h; path = Entity.h; sourceTree = "<group>"; };
		9494206E156FFE3700C36ECD /* EntityRegistry.cpp */ = {isa = PBXFileReference; fileEncoding = 4; lastKnownFileType = sourcecode.cpp.cpp; path = EntityRegistry.cpp; sourceTree = "<group>"; };
		9494206F156FFE3700C36ECD /* EntityRegistry.h */ = {isa = PBXFileReference; fileEncoding = 4; lastKnownFileType = sourcecode.c.h; path = EntityRegistry.h; sourceTree = "<group>"; };
		94942070156FFE3700C36ECD /* Mesh.cpp */ = {isa = PBXFileReference; fileEncoding = 4; lastKnownFileType = sourcecode.cpp.cpp; path = Mesh.cpp; sourceTree = "<group>"; };
		94942071156FFE3700C36ECD /* Mesh.h */ = {isa = PBXFileReference; fileEncoding = 4; lastKnownFileType = sourcecode.c.h; path = Mesh.h; sourceTree = "<group>"; };
		94942072156FFE3700C36ECD /* MeshRenderer.cpp */ = {isa = PBXFileReference; fileEncoding = 4; lastKnownFileType = sourcecode.cpp.cpp; path = MeshRenderer.cpp; sourceTree = "<group>"; };
		94942073156FFE3700C36ECD /* MeshRenderer.h */ = {isa = PBXFileReference; fileEncoding = 4; lastKnownFileType = sourcecode.c.h; path = MeshRenderer.h; sourceTree = "<group>"; };
		94942075156FFE3700C36ECD /* Renderer.h */ = {isa = PBXFileReference; fileEncoding = 4; lastKnownFileType = sourcecode.c.h; path = Renderer.h; sourceTree = "<group>"; };
		94942076156FFE3700C36ECD /* Vectors.h */ = {isa = PBXFileReference; fileEncoding = 4; lastKnownFileType = sourcecode.c.h; path = Vectors.h; sourceTree = "<group>"; };
		94942077156FFE3700C36ECD /* Window.h */ = {isa = PBXFileReference; fileEncoding = 4; lastKnownFileType = sourcecode.c.h; path = Window.h; sourceTree = "<group>"; };
		949420891570013400C36ECD /* libSDL2-2.0.0.dylib */ = {isa = PBXFileReference; lastKnownFileType = "compiled.mach-o.dylib"; name = "libSDL2-2.0.0.dylib"; path = "../../out/lib/libSDL2-2.0.0.dylib"; sourceTree = "<group>"; };
		9494208B1570014100C36ECD /* libv8_base.a */ = {isa = PBXFileReference; lastKnownFileType = archive.ar; name = libv8_base.a; path = ../../out/lib/libv8_base.a; sourceTree = "<group>"; };
		9494208C1570014100C36ECD /* libv8_snapshot.a */ = {isa = PBXFileReference; lastKnownFileType = archive.ar; name = libv8_snapshot.a; path = ../../out/lib/libv8_snapshot.a; sourceTree = "<group>"; };
		9494208F1570019500C36ECD /* AudioToolbox.framework */ = {isa = PBXFileReference; lastKnownFileType = wrapper.framework; name = AudioToolbox.framework; path = System/Library/Frameworks/AudioToolbox.framework; sourceTree = SDKROOT; };
		949420901570019500C36ECD /* AudioUnit.framework */ = {isa = PBXFileReference; lastKnownFileType = wrapper.framework; name = AudioUnit.framework; path = System/Library/Frameworks/AudioUnit.framework; sourceTree = SDKROOT; };
		949420911570019500C36ECD /* Carbon.framework */ = {isa = PBXFileReference; lastKnownFileType = wrapper.framework; name = Carbon.framework; path = System/Library/Frameworks/Carbon.framework; sourceTree = SDKROOT; };
		949420921570019500C36ECD /* Cocoa.framework */ = {isa = PBXFileReference; lastKnownFileType = wrapper.framework; name = Cocoa.framework; path = System/Library/Frameworks/Cocoa.framework; sourceTree = SDKROOT; };
		949420931570019500C36ECD /* CoreAudio.framework */ = {isa = PBXFileReference; lastKnownFileType = wrapper.framework; name = CoreAudio.framework; path = System/Library/Frameworks/CoreAudio.framework; sourceTree = SDKROOT; };
		949420941570019500C36ECD /* ForceFeedback.framework */ = {isa = PBXFileReference; lastKnownFileType = wrapper.framework; name = ForceFeedback.framework; path = System/Library/Frameworks/ForceFeedback.framework; sourceTree = SDKROOT; };
		949420951570019500C36ECD /* IOKit.framework */ = {isa = PBXFileReference; lastKnownFileType = wrapper.framework; name = IOKit.framework; path = System/Library/Frameworks/IOKit.framework; sourceTree = SDKROOT; };
		949420961570019500C36ECD /* OpenGL.framework */ = {isa = PBXFileReference; lastKnownFileType = wrapper.framework; name = OpenGL.framework; path = System/Library/Frameworks/OpenGL.framework; sourceTree = SDKROOT; };
		9494209F157001C000C36ECD /* libiconv.dylib */ = {isa = PBXFileReference; lastKnownFileType = "compiled.mach-o.dylib"; name = libiconv.dylib; path = usr/lib/libiconv.dylib; sourceTree = SDKROOT; };
		949420A1157001D700C36ECD /* libm.dylib */ = {isa = PBXFileReference; lastKnownFileType = "compiled.mach-o.dylib"; name = libm.dylib; path = usr/lib/libm.dylib; sourceTree = SDKROOT; };
		949420A3157001F300C36ECD /* libSDL2.a */ = {isa = PBXFileReference; lastKnownFileType = archive.ar; name = libSDL2.a; path = ../../out/lib/libSDL2.a; sourceTree = "<group>"; };
		949420A61570021200C36ECD /* libSDL2main.a */ = {isa = PBXFileReference; lastKnownFileType = archive.ar; name = libSDL2main.a; path = ../../out/lib/libSDL2main.a; sourceTree = "<group>"; };
/* End PBXFileReference section */

/* Begin PBXFrameworksBuildPhase section */
		9494204D156FFE1000C36ECD /* Frameworks */ = {
			isa = PBXFrameworksBuildPhase;
			buildActionMask = 2147483647;
			files = (
				949420A815700B1400C36ECD /* libSDL2.a in Frameworks */,
				949420A71570021200C36ECD /* libSDL2main.a in Frameworks */,
				949420A2157001D700C36ECD /* libm.dylib in Frameworks */,
				949420A0157001C000C36ECD /* libiconv.dylib in Frameworks */,
				949420971570019500C36ECD /* AudioToolbox.framework in Frameworks */,
				949420981570019500C36ECD /* AudioUnit.framework in Frameworks */,
				949420991570019500C36ECD /* Carbon.framework in Frameworks */,
				9494209A1570019500C36ECD /* Cocoa.framework in Frameworks */,
				9494209B1570019500C36ECD /* CoreAudio.framework in Frameworks */,
				9494209C1570019500C36ECD /* ForceFeedback.framework in Frameworks */,
				9494209D1570019500C36ECD /* IOKit.framework in Frameworks */,
				9494209E1570019500C36ECD /* OpenGL.framework in Frameworks */,
				9494208D1570014100C36ECD /* libv8_base.a in Frameworks */,
				9494208E1570014100C36ECD /* libv8_snapshot.a in Frameworks */,
			);
			runOnlyForDeploymentPostprocessing = 0;
		};
/* End PBXFrameworksBuildPhase section */

/* Begin PBXGroup section */
		940E0E6B1570825800E80636 /* frameworks */ = {
			isa = PBXGroup;
			children = (
				949420A61570021200C36ECD /* libSDL2main.a */,
				949420A3157001F300C36ECD /* libSDL2.a */,
				949420A1157001D700C36ECD /* libm.dylib */,
				9494209F157001C000C36ECD /* libiconv.dylib */,
				9494208F1570019500C36ECD /* AudioToolbox.framework */,
				949420901570019500C36ECD /* AudioUnit.framework */,
				949420911570019500C36ECD /* Carbon.framework */,
				949420921570019500C36ECD /* Cocoa.framework */,
				949420931570019500C36ECD /* CoreAudio.framework */,
				949420941570019500C36ECD /* ForceFeedback.framework */,
				949420951570019500C36ECD /* IOKit.framework */,
				949420961570019500C36ECD /* OpenGL.framework */,
				9494208B1570014100C36ECD /* libv8_base.a */,
				9494208C1570014100C36ECD /* libv8_snapshot.a */,
				949420891570013400C36ECD /* libSDL2-2.0.0.dylib */,
			);
			name = frameworks;
			sourceTree = "<group>";
		};
		94942045156FFE1000C36ECD = {
			isa = PBXGroup;
			children = (
				9494205D156FFE3700C36ECD /* src */,
				94942053156FFE1000C36ECD /* flatland */,
				940E0E6B1570825800E80636 /* frameworks */,
				94942051156FFE1000C36ECD /* Products */,
			);
			sourceTree = "<group>";
		};
		94942051156FFE1000C36ECD /* Products */ = {
			isa = PBXGroup;
			children = (
				94942050156FFE1000C36ECD /* flatland */,
			);
			name = Products;
			sourceTree = "<group>";
		};
		94942053156FFE1000C36ECD /* flatland */ = {
			isa = PBXGroup;
			children = (
			);
			path = flatland;
			sourceTree = "<group>";
		};
		9494205D156FFE3700C36ECD /* src */ = {
			isa = PBXGroup;
			children = (
				949103991572F57800BFDF65 /* main.cpp */,
				9494205E156FFE3700C36ECD /* common */,
			);
			name = src;
			path = ../../src;
			sourceTree = "<group>";
		};
		9494205E156FFE3700C36ECD /* common */ = {
			isa = PBXGroup;
			children = (
				94942077156FFE3700C36ECD /* Window.h */,
				940E0E6115702C2E00E80636 /* Window.cpp */,
				9494205F156FFE3700C36ECD /* binding */,
				9494206A156FFE3700C36ECD /* components */,
				94942074156FFE3700C36ECD /* renderer */,
			);
			path = common;
			sourceTree = "<group>";
		};
		9494205F156FFE3700C36ECD /* binding */ = {
			isa = PBXGroup;
			children = (
				94942060156FFE3700C36ECD /* EntityBindings.cpp */,
				94942061156FFE3700C36ECD /* EntityBindings.h */,
				94942062156FFE3700C36ECD /* JSInterpreter.cpp */,
				94942063156FFE3700C36ECD /* JSInterpreter.h */,
				94942064156FFE3700C36ECD /* MeshBindings.cpp */,
				94942065156FFE3700C36ECD /* MeshBindings.h */,
				94942066156FFE3700C36ECD /* MeshRendererBindings.cpp */,
				94942067156FFE3700C36ECD /* MeshRendererBindings.h */,
				94942068156FFE3700C36ECD /* WindowBindings.cpp */,
				94942069156FFE3700C36ECD /* WindowBindings.h */,
				940E0E6815707D0300E80636 /* TransformBindings.h */,
				940E0E6915707D5100E80636 /* TransformBindings.cpp */,
			);
			path = binding;
			sourceTree = "<group>";
		};
		9494206A156FFE3700C36ECD /* components */ = {
			isa = PBXGroup;
			children = (
				9494206B156FFE3700C36ECD /* Component.h */,
				9494206C156FFE3700C36ECD /* Entity.cpp */,
				9494206D156FFE3700C36ECD /* Entity.h */,
				9494206E156FFE3700C36ECD /* EntityRegistry.cpp */,
				9494206F156FFE3700C36ECD /* EntityRegistry.h */,
				94942070156FFE3700C36ECD /* Mesh.cpp */,
				94942071156FFE3700C36ECD /* Mesh.h */,
				94942072156FFE3700C36ECD /* MeshRenderer.cpp */,
				94942073156FFE3700C36ECD /* MeshRenderer.h */,
				940E0E65157057BB00E80636 /* Transform.h */,
				940E0E661570583900E80636 /* Transform.cpp */,
			);
			path = components;
			sourceTree = "<group>";
		};
		94942074156FFE3700C36ECD /* renderer */ = {
			isa = PBXGroup;
			children = (
				94942075156FFE3700C36ECD /* Renderer.h */,
				94942076156FFE3700C36ECD /* Vectors.h */,
				940E0E63157042C300E80636 /* Renderer.cpp */,
			);
			path = renderer;
			sourceTree = "<group>";
		};
/* End PBXGroup section */

/* Begin PBXNativeTarget section */
		9494204F156FFE1000C36ECD /* flatland */ = {
			isa = PBXNativeTarget;
			buildConfigurationList = 9494205A156FFE1000C36ECD /* Build configuration list for PBXNativeTarget "flatland" */;
			buildPhases = (
				9494204C156FFE1000C36ECD /* Sources */,
				9494204D156FFE1000C36ECD /* Frameworks */,
				9494204E156FFE1000C36ECD /* CopyFiles */,
			);
			buildRules = (
			);
			dependencies = (
			);
			name = flatland;
			productName = flatland;
			productReference = 94942050156FFE1000C36ECD /* flatland */;
			productType = "com.apple.product-type.tool";
		};
/* End PBXNativeTarget section */

/* Begin PBXProject section */
		94942047156FFE1000C36ECD /* Project object */ = {
			isa = PBXProject;
			attributes = {
				LastUpgradeCheck = 0430;
				ORGANIZATIONNAME = "Mirror Match Games";
			};
			buildConfigurationList = 9494204A156FFE1000C36ECD /* Build configuration list for PBXProject "flatland" */;
			compatibilityVersion = "Xcode 3.2";
			developmentRegion = English;
			hasScannedForEncodings = 0;
			knownRegions = (
				en,
			);
			mainGroup = 94942045156FFE1000C36ECD;
			productRefGroup = 94942051156FFE1000C36ECD /* Products */;
			projectDirPath = "";
			projectRoot = "";
			targets = (
				9494204F156FFE1000C36ECD /* flatland */,
			);
		};
/* End PBXProject section */

/* Begin PBXSourcesBuildPhase section */
		9494204C156FFE1000C36ECD /* Sources */ = {
			isa = PBXSourcesBuildPhase;
			buildActionMask = 2147483647;
			files = (
				9494207D156FFE3700C36ECD /* EntityBindings.cpp in Sources */,
				9494207E156FFE3700C36ECD /* JSInterpreter.cpp in Sources */,
				9494207F156FFE3700C36ECD /* MeshBindings.cpp in Sources */,
				94942080156FFE3700C36ECD /* MeshRendererBindings.cpp in Sources */,
				94942081156FFE3700C36ECD /* WindowBindings.cpp in Sources */,
				94942082156FFE3700C36ECD /* Entity.cpp in Sources */,
				94942083156FFE3700C36ECD /* EntityRegistry.cpp in Sources */,
				94942084156FFE3700C36ECD /* Mesh.cpp in Sources */,
				94942085156FFE3700C36ECD /* MeshRenderer.cpp in Sources */,
				940E0E6215702C2E00E80636 /* Window.cpp in Sources */,
				940E0E64157042C300E80636 /* Renderer.cpp in Sources */,
				940E0E671570583A00E80636 /* Transform.cpp in Sources */,
				940E0E6A15707D5100E80636 /* TransformBindings.cpp in Sources */,
				9491039A1572F57800BFDF65 /* main.cpp in Sources */,
			);
			runOnlyForDeploymentPostprocessing = 0;
		};
/* End PBXSourcesBuildPhase section */

/* Begin XCBuildConfiguration section */
		94942058156FFE1000C36ECD /* Debug */ = {
			isa = XCBuildConfiguration;
			buildSettings = {
				ALWAYS_SEARCH_USER_PATHS = NO;
				ARCHS = "$(ARCHS_STANDARD_64_BIT)";
				COPY_PHASE_STRIP = NO;
				GCC_C_LANGUAGE_STANDARD = gnu99;
				GCC_DYNAMIC_NO_PIC = NO;
				GCC_ENABLE_OBJC_EXCEPTIONS = YES;
				GCC_OPTIMIZATION_LEVEL = 0;
				GCC_PREPROCESSOR_DEFINITIONS = (
					"DEBUG=1",
					"$(inherited)",
				);
				GCC_SYMBOLS_PRIVATE_EXTERN = NO;
				GCC_VERSION = com.apple.compilers.llvm.clang.1_0;
				GCC_WARN_64_TO_32_BIT_CONVERSION = YES;
				GCC_WARN_ABOUT_RETURN_TYPE = YES;
				GCC_WARN_UNINITIALIZED_AUTOS = YES;
				GCC_WARN_UNUSED_VARIABLE = YES;
				MACOSX_DEPLOYMENT_TARGET = 10.7;
				ONLY_ACTIVE_ARCH = YES;
				SDKROOT = macosx;
			};
			name = Debug;
		};
		94942059156FFE1000C36ECD /* Release */ = {
			isa = XCBuildConfiguration;
			buildSettings = {
				ALWAYS_SEARCH_USER_PATHS = NO;
				ARCHS = "$(ARCHS_STANDARD_64_BIT)";
				COPY_PHASE_STRIP = YES;
				DEBUG_INFORMATION_FORMAT = "dwarf-with-dsym";
				GCC_C_LANGUAGE_STANDARD = gnu99;
				GCC_ENABLE_OBJC_EXCEPTIONS = YES;
				GCC_VERSION = com.apple.compilers.llvm.clang.1_0;
				GCC_WARN_64_TO_32_BIT_CONVERSION = YES;
				GCC_WARN_ABOUT_RETURN_TYPE = YES;
				GCC_WARN_UNINITIALIZED_AUTOS = YES;
				GCC_WARN_UNUSED_VARIABLE = YES;
				MACOSX_DEPLOYMENT_TARGET = 10.7;
				SDKROOT = macosx;
			};
			name = Release;
		};
		9494205B156FFE1000C36ECD /* Debug */ = {
			isa = XCBuildConfiguration;
			buildSettings = {
				HEADER_SEARCH_PATHS = (
					../../out/include/SDL2,
					../../deps/v8/include,
				);
				LIBRARY_SEARCH_PATHS = (
					../../out/lib,
					"\"$(SRCROOT)/../../out/lib\"",
				);
				PRODUCT_NAME = "$(TARGET_NAME)";
			};
			name = Debug;
		};
		9494205C156FFE1000C36ECD /* Release */ = {
			isa = XCBuildConfiguration;
			buildSettings = {
				HEADER_SEARCH_PATHS = (
					../../out/include/SDL2,
					../../deps/v8/include,
				);
				LIBRARY_SEARCH_PATHS = (
					../../out/lib,
					"\"$(SRCROOT)/../../out/lib\"",
				);
				PRODUCT_NAME = "$(TARGET_NAME)";
			};
			name = Release;
		};
/* End XCBuildConfiguration section */

/* Begin XCConfigurationList section */
		9494204A156FFE1000C36ECD /* Build configuration list for PBXProject "flatland" */ = {
			isa = XCConfigurationList;
			buildConfigurations = (
				94942058156FFE1000C36ECD /* Debug */,
				94942059156FFE1000C36ECD /* Release */,
			);
			defaultConfigurationIsVisible = 0;
			defaultConfigurationName = Release;
		};
		9494205A156FFE1000C36ECD /* Build configuration list for PBXNativeTarget "flatland" */ = {
			isa = XCConfigurationList;
			buildConfigurations = (
				9494205B156FFE1000C36ECD /* Debug */,
				9494205C156FFE1000C36ECD /* Release */,
			);
			defaultConfigurationIsVisible = 0;
			defaultConfigurationName = Release;
		};
/* End XCConfigurationList section */
	};
	rootObject = 94942047156FFE1000C36ECD /* Project object */;
}
